<?xml version="1.0" encoding="utf-8"?>
<Project ToolsVersion="4.0" xmlns="http://schemas.microsoft.com/developer/msbuild/2003">
  <ItemGroup>
    <Filter Include="源文件">
      <UniqueIdentifier>{4FC737F1-C7A5-4376-A066-2A32D752A2FF}</UniqueIdentifier>
      <Extensions>cpp;c;cc;cxx;def;odl;idl;hpj;bat;asm;asmx</Extensions>
    </Filter>
    <Filter Include="头文件">
      <UniqueIdentifier>{93995380-89BD-4b04-88EB-625FBE52EBFB}</UniqueIdentifier>
      <Extensions>h;hh;hpp;hxx;hm;inl;inc;ipp;xsd</Extensions>
    </Filter>
    <Filter Include="资源文件">
      <UniqueIdentifier>{67DA6AB6-F800-4c08-8B7A-83BB121AAD01}</UniqueIdentifier>
      <Extensions>rc;ico;cur;bmp;dlg;rc2;rct;bin;rgs;gif;jpg;jpeg;jpe;resx;tiff;tif;png;wav;mfcribbon-ms</Extensions>
    </Filter>
    <Filter Include="源文件\test">
      <UniqueIdentifier>{da43ef1d-3762-4774-b365-fbd522442df0}</UniqueIdentifier>
    </Filter>
    <Filter Include="头文件\windows">
      <UniqueIdentifier>{bbbe717f-9ddd-4174-ac28-539aff0f7b40}</UniqueIdentifier>
    </Filter>
    <Filter Include="源文件\windows">
      <UniqueIdentifier>{678834c2-09f5-49a7-bb0a-17ad1fb5da8c}</UniqueIdentifier>
    </Filter>
    <Filter Include="头文件\test">
      <UniqueIdentifier>{7b21444b-4fe9-427a-b5a6-afa324466c7d}</UniqueIdentifier>
    </Filter>
    <Filter Include="Shaders">
      <UniqueIdentifier>{ef99e6b3-4d9f-4123-ac8a-4717f51e5066}</UniqueIdentifier>
    </Filter>
  </ItemGroup>
  <ItemGroup>
    <ClInclude Include="include\EfGui\common\efCommon.h">
      <Filter>头文件</Filter>
    </ClInclude>
    <ClInclude Include="include\EfGui\platform\windows\efCommon.h">
      <Filter>头文件\windows</Filter>
    </ClInclude>
    <ClInclude Include="include\EfGui\platform\windows\efDebug.h">
      <Filter>头文件\windows</Filter>
    </ClInclude>
    <ClInclude Include="include\EfGui\platform\windows\efExec.h">
      <Filter>头文件\windows</Filter>
    </ClInclude>
    <ClInclude Include="include\EfGui\platform\windows\efGui.h">
      <Filter>头文件\windows</Filter>
    </ClInclude>
    <ClInclude Include="include\EfGui\platform\windows\efMain.h">
      <Filter>头文件\windows</Filter>
    </ClInclude>
    <ClInclude Include="include\EfGui\platform\windows\efWindow.h">
      <Filter>头文件\windows</Filter>
    </ClInclude>
    <ClInclude Include="include\EfGui\platform\windows\efPainter.h">
      <Filter>头文件\windows</Filter>
    </ClInclude>
    <ClInclude Include="include\EfGui\common\efGCObj.h">
      <Filter>头文件</Filter>
    </ClInclude>
    <ClInclude Include="include\EfGui\common\efShape.h">
      <Filter>头文件</Filter>
    </ClInclude>
    <ClInclude Include="include\EfGui\platform\windows\efSystem.h">
      <Filter>头文件\windows</Filter>
    </ClInclude>
    <ClInclude Include="include\EfGui\platform\windows\efPainterManager.h">
      <Filter>头文件\windows</Filter>
    </ClInclude>
    <ClInclude Include="include\EfGui\platform\windows\efD3d11Wrapper.h">
      <Filter>头文件\windows</Filter>
    </ClInclude>
    <ClInclude Include="include\EfGui\platform\windows\efD3d11Desc.h">
      <Filter>头文件\windows</Filter>
    </ClInclude>
  </ItemGroup>
  <ItemGroup>
    <ClCompile Include="test\platform\testWindow.cpp">
      <Filter>源文件\test</Filter>
    </ClCompile>
    <ClCompile Include="include\EfGui\platform\windows\efDebug.cpp">
      <Filter>源文件\windows</Filter>
    </ClCompile>
    <ClCompile Include="include\EfGui\platform\windows\efExec.cpp">
      <Filter>源文件\windows</Filter>
    </ClCompile>
    <ClCompile Include="include\EfGui\platform\windows\efGui.cpp">
      <Filter>源文件\windows</Filter>
    </ClCompile>
    <ClCompile Include="include\EfGui\platform\windows\efMain.cpp">
      <Filter>源文件\windows</Filter>
    </ClCompile>
    <ClCompile Include="include\EfGui\platform\windows\efWindow.cpp">
      <Filter>源文件\windows</Filter>
    </ClCompile>
    <ClCompile Include="include\EfGui\platform\windows\efCommon.cpp">
      <Filter>源文件\windows</Filter>
    </ClCompile>
    <ClCompile Include="include\EfGui\platform\windows\efPainter.cpp">
      <Filter>源文件\windows</Filter>
    </ClCompile>
    <ClCompile Include="include\EfGui\platform\windows\efD3d11Wrapper.cpp">
      <Filter>源文件\windows</Filter>
    </ClCompile>
    <ClCompile Include="include\EfGui\platform\windows\efD3d11Desc.cpp">
      <Filter>源文件</Filter>
    </ClCompile>
  </ItemGroup>
</Project>